
Microsoft Visual Studio Solution File, Format Version 12.00
# Visual Studio Version 17
VisualStudioVersion = 17.1.32319.34
MinimumVisualStudioVersion = 10.0.40219.1
Project("{2150E333-8FDC-42A3-9474-1A3956D46DE8}") = "assets", "assets", "{8EE7CF9B-36FF-4D9C-A088-8736F28CA3B3}"
	ProjectSection(SolutionItems) = preProject
		..\.editorconfig = ..\.editorconfig
		..\README.md = ..\README.md
	EndProjectSection
EndProject
Project("{2150E333-8FDC-42A3-9474-1A3956D46DE8}") = "src", "src", "{1E1B0E8A-9AE4-44EE-AFDB-70C9C819CA4F}"
EndProject
Project("{2150E333-8FDC-42A3-9474-1A3956D46DE8}") = "docs", "docs", "{11B408B8-C495-48D5-A31D-086478667173}"
EndProject
Project("{2150E333-8FDC-42A3-9474-1A3956D46DE8}") = "projects", "projects", "{5EF8BD68-FF97-471B-8731-290B92E3CF87}"
	ProjectSection(SolutionItems) = preProject
		..\docs\projects\equipment.md = ..\docs\projects\equipment.md
	EndProjectSection
EndProject
Project("{9A19103F-16F7-4668-BE54-9A1E7A4F7556}") = "Aurora.Engine.Data", "engine\Aurora.Engine.Data\Aurora.Engine.Data.csproj", "{C8500904-2381-4E00-86E7-6CA8E132A1A5}"
EndProject
Project("{9A19103F-16F7-4668-BE54-9A1E7A4F7556}") = "Aurora.Engine.Data.Tests", "engine\Aurora.Engine.Data.Tests\Aurora.Engine.Data.Tests.csproj", "{96A4BCC3-CBE2-4051-A102-CC096056F2B2}"
EndProject
Project("{9A19103F-16F7-4668-BE54-9A1E7A4F7556}") = "Aurora.Engine.Utilities", "engine\Aurora.Engine.Utilities\Aurora.Engine.Utilities.csproj", "{698A74AE-2D80-4FEB-B075-F3DB9EA596E1}"
EndProject
Project("{9A19103F-16F7-4668-BE54-9A1E7A4F7556}") = "Aurora.Engine.Utilities.Tests", "engine\Aurora.Engine.Utilities.Tests\Aurora.Engine.Utilities.Tests.csproj", "{0EE1E536-03E0-4239-A527-94DC3D32442E}"
EndProject
Project("{2150E333-8FDC-42A3-9474-1A3956D46DE8}") = "engine", "engine", "{F8EF4E25-E57C-4FA8-85AE-23D023BE9378}"
EndProject
Project("{2150E333-8FDC-42A3-9474-1A3956D46DE8}") = "data", "data", "{4E88187E-CED9-4118-8828-9D7AB6E09456}"
EndProject
Project("{2150E333-8FDC-42A3-9474-1A3956D46DE8}") = "tests", "tests", "{1C293F12-3B01-404C-81BC-C99DC2A2E271}"
EndProject
Project("{2150E333-8FDC-42A3-9474-1A3956D46DE8}") = "elements", "elements", "{9ABE6238-9138-4D95-9CEE-90C824746330}"
	ProjectSection(SolutionItems) = preProject
		..\docs\data\elements\element-properties.md = ..\docs\data\elements\element-properties.md
		..\docs\data\elements\element-structure.md = ..\docs\data\elements\element-structure.md
	EndProjectSection
EndProject
Project("{9A19103F-16F7-4668-BE54-9A1E7A4F7556}") = "Aurora.Engine.Equipment", "engine\Aurora.Engine.Equipment\Aurora.Engine.Equipment.csproj", "{9EC04762-ECBF-4E4B-B2C0-197FD95137F4}"
EndProject
Project("{9A19103F-16F7-4668-BE54-9A1E7A4F7556}") = "Aurora.Engine.Equipment.Tests", "engine\Aurora.Engine.Equipment.Tests\Aurora.Engine.Equipment.Tests.csproj", "{C0CEB689-BCE7-4F97-BBED-23E7123C3992}"
EndProject
Project("{9A19103F-16F7-4668-BE54-9A1E7A4F7556}") = "Aurora.Data.InMemory", "data\Aurora.Data.InMemory\Aurora.Data.InMemory.csproj", "{B0035424-1825-4718-950C-62BA5FB3E206}"
EndProject
Project("{2150E333-8FDC-42A3-9474-1A3956D46DE8}") = "documents", "documents", "{64D216AA-83BE-46A8-9705-FD3CB653F2C2}"
EndProject
Project("{2150E333-8FDC-42A3-9474-1A3956D46DE8}") = "equipment", "equipment", "{1FF7CBE2-BD5D-4B1B-BDF3-F7BE5CB79FB4}"
EndProject
Project("{2150E333-8FDC-42A3-9474-1A3956D46DE8}") = "tests", "tests", "{C752A3DB-16B6-46DD-A849-AFB4B834CD14}"
EndProject
Project("{2150E333-8FDC-42A3-9474-1A3956D46DE8}") = "character", "character", "{E2F9DE29-518B-4279-BF4B-912C2573C22F}"
EndProject
Project("{2150E333-8FDC-42A3-9474-1A3956D46DE8}") = "tests", "tests", "{E9C40AB4-C166-41FF-A78A-80F5201C126E}"
EndProject
Project("{2150E333-8FDC-42A3-9474-1A3956D46DE8}") = "domain", "domain", "{2045DD09-2A87-4993-952B-93723470AC35}"
EndProject
Project("{2150E333-8FDC-42A3-9474-1A3956D46DE8}") = "infrastructure", "infrastructure", "{8A0864AA-2C69-4FA5-BB40-398F80F325ED}"
EndProject
Project("{2150E333-8FDC-42A3-9474-1A3956D46DE8}") = "presentation", "presentation", "{095BE3D0-6532-4A73-AA36-0B4BA096345A}"
EndProject
Project("{2150E333-8FDC-42A3-9474-1A3956D46DE8}") = "ui", "ui", "{9ABE7B2B-59E9-400B-B4D0-1F3136B36B1D}"
EndProject
Project("{2150E333-8FDC-42A3-9474-1A3956D46DE8}") = "common", "common", "{A458EBAB-AA72-4F88-AF5F-295F71F50176}"
EndProject
Project("{2150E333-8FDC-42A3-9474-1A3956D46DE8}") = "core", "core", "{34FAC3F9-471E-40FB-BB7A-4D02D4198578}"
EndProject
Project("{9A19103F-16F7-4668-BE54-9A1E7A4F7556}") = "Aurora.Core", "core\Aurora.Core\Aurora.Core.csproj", "{43D8F878-FFB6-4605-A6DC-6091541546B5}"
EndProject
Project("{2150E333-8FDC-42A3-9474-1A3956D46DE8}") = "tests", "tests", "{42E19DB2-C4ED-4267-811A-853D51FA1DF4}"
EndProject
Project("{FAE04EC0-301F-11D3-BF4B-00C04F79EFBC}") = "Aurora.Core.Tests", "core\Aurora.Core.Tests\Aurora.Core.Tests.csproj", "{F804D5E5-60F7-4B55-9955-FB20E53211B7}"
EndProject
Global
	GlobalSection(SolutionConfigurationPlatforms) = preSolution
		Debug|Any CPU = Debug|Any CPU
		Release|Any CPU = Release|Any CPU
	EndGlobalSection
	GlobalSection(ProjectConfigurationPlatforms) = postSolution
		{C8500904-2381-4E00-86E7-6CA8E132A1A5}.Debug|Any CPU.ActiveCfg = Debug|Any CPU
		{C8500904-2381-4E00-86E7-6CA8E132A1A5}.Debug|Any CPU.Build.0 = Debug|Any CPU
		{C8500904-2381-4E00-86E7-6CA8E132A1A5}.Release|Any CPU.ActiveCfg = Release|Any CPU
		{C8500904-2381-4E00-86E7-6CA8E132A1A5}.Release|Any CPU.Build.0 = Release|Any CPU
		{96A4BCC3-CBE2-4051-A102-CC096056F2B2}.Debug|Any CPU.ActiveCfg = Debug|Any CPU
		{96A4BCC3-CBE2-4051-A102-CC096056F2B2}.Debug|Any CPU.Build.0 = Debug|Any CPU
		{96A4BCC3-CBE2-4051-A102-CC096056F2B2}.Release|Any CPU.ActiveCfg = Release|Any CPU
		{96A4BCC3-CBE2-4051-A102-CC096056F2B2}.Release|Any CPU.Build.0 = Release|Any CPU
		{698A74AE-2D80-4FEB-B075-F3DB9EA596E1}.Debug|Any CPU.ActiveCfg = Debug|Any CPU
		{698A74AE-2D80-4FEB-B075-F3DB9EA596E1}.Debug|Any CPU.Build.0 = Debug|Any CPU
		{698A74AE-2D80-4FEB-B075-F3DB9EA596E1}.Release|Any CPU.ActiveCfg = Release|Any CPU
		{698A74AE-2D80-4FEB-B075-F3DB9EA596E1}.Release|Any CPU.Build.0 = Release|Any CPU
		{0EE1E536-03E0-4239-A527-94DC3D32442E}.Debug|Any CPU.ActiveCfg = Debug|Any CPU
		{0EE1E536-03E0-4239-A527-94DC3D32442E}.Debug|Any CPU.Build.0 = Debug|Any CPU
		{0EE1E536-03E0-4239-A527-94DC3D32442E}.Release|Any CPU.ActiveCfg = Release|Any CPU
		{0EE1E536-03E0-4239-A527-94DC3D32442E}.Release|Any CPU.Build.0 = Release|Any CPU
		{9EC04762-ECBF-4E4B-B2C0-197FD95137F4}.Debug|Any CPU.ActiveCfg = Debug|Any CPU
		{9EC04762-ECBF-4E4B-B2C0-197FD95137F4}.Debug|Any CPU.Build.0 = Debug|Any CPU
		{9EC04762-ECBF-4E4B-B2C0-197FD95137F4}.Release|Any CPU.ActiveCfg = Release|Any CPU
		{9EC04762-ECBF-4E4B-B2C0-197FD95137F4}.Release|Any CPU.Build.0 = Release|Any CPU
		{C0CEB689-BCE7-4F97-BBED-23E7123C3992}.Debug|Any CPU.ActiveCfg = Debug|Any CPU
		{C0CEB689-BCE7-4F97-BBED-23E7123C3992}.Debug|Any CPU.Build.0 = Debug|Any CPU
		{C0CEB689-BCE7-4F97-BBED-23E7123C3992}.Release|Any CPU.ActiveCfg = Release|Any CPU
		{C0CEB689-BCE7-4F97-BBED-23E7123C3992}.Release|Any CPU.Build.0 = Release|Any CPU
		{B0035424-1825-4718-950C-62BA5FB3E206}.Debug|Any CPU.ActiveCfg = Debug|Any CPU
		{B0035424-1825-4718-950C-62BA5FB3E206}.Debug|Any CPU.Build.0 = Debug|Any CPU
		{B0035424-1825-4718-950C-62BA5FB3E206}.Release|Any CPU.ActiveCfg = Release|Any CPU
		{B0035424-1825-4718-950C-62BA5FB3E206}.Release|Any CPU.Build.0 = Release|Any CPU
		{43D8F878-FFB6-4605-A6DC-6091541546B5}.Debug|Any CPU.ActiveCfg = Debug|Any CPU
		{43D8F878-FFB6-4605-A6DC-6091541546B5}.Debug|Any CPU.Build.0 = Debug|Any CPU
		{43D8F878-FFB6-4605-A6DC-6091541546B5}.Release|Any CPU.ActiveCfg = Release|Any CPU
		{43D8F878-FFB6-4605-A6DC-6091541546B5}.Release|Any CPU.Build.0 = Release|Any CPU
		{F804D5E5-60F7-4B55-9955-FB20E53211B7}.Debug|Any CPU.ActiveCfg = Debug|Any CPU
		{F804D5E5-60F7-4B55-9955-FB20E53211B7}.Debug|Any CPU.Build.0 = Debug|Any CPU
		{F804D5E5-60F7-4B55-9955-FB20E53211B7}.Release|Any CPU.ActiveCfg = Release|Any CPU
		{F804D5E5-60F7-4B55-9955-FB20E53211B7}.Release|Any CPU.Build.0 = Release|Any CPU
	EndGlobalSection
	GlobalSection(SolutionProperties) = preSolution
		HideSolutionNode = FALSE
	EndGlobalSection
	GlobalSection(NestedProjects) = preSolution
		{5EF8BD68-FF97-471B-8731-290B92E3CF87} = {11B408B8-C495-48D5-A31D-086478667173}
		{C8500904-2381-4E00-86E7-6CA8E132A1A5} = {F8EF4E25-E57C-4FA8-85AE-23D023BE9378}
		{96A4BCC3-CBE2-4051-A102-CC096056F2B2} = {1C293F12-3B01-404C-81BC-C99DC2A2E271}
		{698A74AE-2D80-4FEB-B075-F3DB9EA596E1} = {F8EF4E25-E57C-4FA8-85AE-23D023BE9378}
		{0EE1E536-03E0-4239-A527-94DC3D32442E} = {1C293F12-3B01-404C-81BC-C99DC2A2E271}
		{F8EF4E25-E57C-4FA8-85AE-23D023BE9378} = {1E1B0E8A-9AE4-44EE-AFDB-70C9C819CA4F}
		{4E88187E-CED9-4118-8828-9D7AB6E09456} = {1E1B0E8A-9AE4-44EE-AFDB-70C9C819CA4F}
		{1C293F12-3B01-404C-81BC-C99DC2A2E271} = {F8EF4E25-E57C-4FA8-85AE-23D023BE9378}
		{9ABE6238-9138-4D95-9CEE-90C824746330} = {11B408B8-C495-48D5-A31D-086478667173}
		{9EC04762-ECBF-4E4B-B2C0-197FD95137F4} = {1FF7CBE2-BD5D-4B1B-BDF3-F7BE5CB79FB4}
		{C0CEB689-BCE7-4F97-BBED-23E7123C3992} = {C752A3DB-16B6-46DD-A849-AFB4B834CD14}
		{B0035424-1825-4718-950C-62BA5FB3E206} = {4E88187E-CED9-4118-8828-9D7AB6E09456}
		{64D216AA-83BE-46A8-9705-FD3CB653F2C2} = {1E1B0E8A-9AE4-44EE-AFDB-70C9C819CA4F}
		{1FF7CBE2-BD5D-4B1B-BDF3-F7BE5CB79FB4} = {F8EF4E25-E57C-4FA8-85AE-23D023BE9378}
		{C752A3DB-16B6-46DD-A849-AFB4B834CD14} = {1FF7CBE2-BD5D-4B1B-BDF3-F7BE5CB79FB4}
		{E2F9DE29-518B-4279-BF4B-912C2573C22F} = {F8EF4E25-E57C-4FA8-85AE-23D023BE9378}
		{E9C40AB4-C166-41FF-A78A-80F5201C126E} = {E2F9DE29-518B-4279-BF4B-912C2573C22F}
		{2045DD09-2A87-4993-952B-93723470AC35} = {1E1B0E8A-9AE4-44EE-AFDB-70C9C819CA4F}
		{8A0864AA-2C69-4FA5-BB40-398F80F325ED} = {1E1B0E8A-9AE4-44EE-AFDB-70C9C819CA4F}
		{095BE3D0-6532-4A73-AA36-0B4BA096345A} = {1E1B0E8A-9AE4-44EE-AFDB-70C9C819CA4F}
		{9ABE7B2B-59E9-400B-B4D0-1F3136B36B1D} = {1E1B0E8A-9AE4-44EE-AFDB-70C9C819CA4F}
		{A458EBAB-AA72-4F88-AF5F-295F71F50176} = {1E1B0E8A-9AE4-44EE-AFDB-70C9C819CA4F}
		{34FAC3F9-471E-40FB-BB7A-4D02D4198578} = {1E1B0E8A-9AE4-44EE-AFDB-70C9C819CA4F}
		{43D8F878-FFB6-4605-A6DC-6091541546B5} = {34FAC3F9-471E-40FB-BB7A-4D02D4198578}
		{42E19DB2-C4ED-4267-811A-853D51FA1DF4} = {34FAC3F9-471E-40FB-BB7A-4D02D4198578}
		{F804D5E5-60F7-4B55-9955-FB20E53211B7} = {42E19DB2-C4ED-4267-811A-853D51FA1DF4}
	EndGlobalSection
	GlobalSection(ExtensibilityGlobals) = postSolution
		SolutionGuid = {824A3E82-B8C3-4B1C-8724-0C35E0F34900}
	EndGlobalSection
EndGlobal
